
Microsoft Visual Studio Solution File, Format Version 12.00
# Visual Studio Version 16
VisualStudioVersion = 16.0.31025.194
MinimumVisualStudioVersion = 10.0.40219.1
Project("{FAE04EC0-301F-11D3-BF4B-00C04F79EFBC}") = "zajecia1", "zajecia1\zajecia1.csproj", "{7AE05DE6-78FE-4C9F-9A04-9FE644C66610}"
EndProject
Global
	GlobalSection(SolutionConfigurationPlatforms) = preSolution
		Debug|Any CPU = Debug|Any CPU
		Release|Any CPU = Release|Any CPU
	EndGlobalSection
	GlobalSection(ProjectConfigurationPlatforms) = postSolution
		{7AE05DE6-78FE-4C9F-9A04-9FE644C66610}.Debug|Any CPU.ActiveCfg = Debug|Any CPU
		{7AE05DE6-78FE-4C9F-9A04-9FE644C66610}.Debug|Any CPU.Build.0 = Debug|Any CPU
		{7AE05DE6-78FE-4C9F-9A04-9FE644C66610}.Release|Any CPU.ActiveCfg = Release|Any CPU
		{7AE05DE6-78FE-4C9F-9A04-9FE644C66610}.Release|Any CPU.Build.0 = Release|Any CPU
	EndGlobalSection
	GlobalSection(SolutionProperties) = preSolution
		HideSolutionNode = FALSE
	EndGlobalSection
	GlobalSection(ExtensibilityGlobals) = postSolution
		SolutionGuid = {3FE98BE8-27D0-4A0A-8129-7B0F7785541D}
	EndGlobalSection
EndGlobal
